
Microsoft Visual Studio Solution File, Format Version 12.00
# Visual Studio Version 16
VisualStudioVersion = 16.0.31702.278
MinimumVisualStudioVersion = 10.0.40219.1
Project("{FAE04EC0-301F-11D3-BF4B-00C04F79EFBC}") = "UserMaintance", "UserMaintance.csproj", "{29B01651-D726-4479-B0BF-53B9C79587BE}"
EndProject
Project("{FAE04EC0-301F-11D3-BF4B-00C04F79EFBC}") = "Week04", "..\Week04\Week04.csproj", "{ECAA4EE7-9A90-47C7-A0E4-DCAE60A6DFBA}"
EndProject
Project("{FAE04EC0-301F-11D3-BF4B-00C04F79EFBC}") = "Week05", "..\weks05\Week05.csproj", "{204A2678-94F9-42AD-90B1-EC0AA43A1792}"
EndProject
Project("{FAE04EC0-301F-11D3-BF4B-00C04F79EFBC}") = "Week06", "..\Week06\Week06.csproj", "{95375FEE-86E2-42CB-AC69-9C43DBA584D8}"
EndProject
Project("{FAE04EC0-301F-11D3-BF4B-00C04F79EFBC}") = "Week08", "..\Week08\Week08.csproj", "{E4E3DF82-B88C-4433-B2AE-D5B0A5019E35}"
EndProject
Project("{FAE04EC0-301F-11D3-BF4B-00C04F79EFBC}") = "UnitTestExample", "..\..\UnitTestExample\UnitTestExample.csproj", "{F1FBDBB6-FEBA-421B-A647-484ED380E500}"
EndProject
Project("{FAE04EC0-301F-11D3-BF4B-00C04F79EFBC}") = "UnitTestExample.Test", "..\UnitTestExample.Test\UnitTestExample.Test.csproj", "{AC8CE50F-EC72-4000-937D-DC2D1B03F197}"
EndProject
Project("{FAE04EC0-301F-11D3-BF4B-00C04F79EFBC}") = "Week11", "..\Week11\Week11.csproj", "{B653836A-0542-4E76-B221-907CA48FE421}"
EndProject
Project("{FAE04EC0-301F-11D3-BF4B-00C04F79EFBC}") = "Week12", "..\Week12\Week12.csproj", "{AB747516-4DA5-47AE-B42E-6C1EE6DBDA65}"
EndProject
Global
	GlobalSection(SolutionConfigurationPlatforms) = preSolution
		Debug|Any CPU = Debug|Any CPU
		Release|Any CPU = Release|Any CPU
	EndGlobalSection
	GlobalSection(ProjectConfigurationPlatforms) = postSolution
		{29B01651-D726-4479-B0BF-53B9C79587BE}.Debug|Any CPU.ActiveCfg = Debug|Any CPU
		{29B01651-D726-4479-B0BF-53B9C79587BE}.Debug|Any CPU.Build.0 = Debug|Any CPU
		{29B01651-D726-4479-B0BF-53B9C79587BE}.Release|Any CPU.ActiveCfg = Release|Any CPU
		{29B01651-D726-4479-B0BF-53B9C79587BE}.Release|Any CPU.Build.0 = Release|Any CPU
		{ECAA4EE7-9A90-47C7-A0E4-DCAE60A6DFBA}.Debug|Any CPU.ActiveCfg = Debug|Any CPU
		{ECAA4EE7-9A90-47C7-A0E4-DCAE60A6DFBA}.Debug|Any CPU.Build.0 = Debug|Any CPU
		{ECAA4EE7-9A90-47C7-A0E4-DCAE60A6DFBA}.Release|Any CPU.ActiveCfg = Release|Any CPU
		{ECAA4EE7-9A90-47C7-A0E4-DCAE60A6DFBA}.Release|Any CPU.Build.0 = Release|Any CPU
		{204A2678-94F9-42AD-90B1-EC0AA43A1792}.Debug|Any CPU.ActiveCfg = Debug|Any CPU
		{204A2678-94F9-42AD-90B1-EC0AA43A1792}.Debug|Any CPU.Build.0 = Debug|Any CPU
		{204A2678-94F9-42AD-90B1-EC0AA43A1792}.Release|Any CPU.ActiveCfg = Release|Any CPU
		{204A2678-94F9-42AD-90B1-EC0AA43A1792}.Release|Any CPU.Build.0 = Release|Any CPU
		{95375FEE-86E2-42CB-AC69-9C43DBA584D8}.Debug|Any CPU.ActiveCfg = Debug|Any CPU
		{95375FEE-86E2-42CB-AC69-9C43DBA584D8}.Debug|Any CPU.Build.0 = Debug|Any CPU
		{95375FEE-86E2-42CB-AC69-9C43DBA584D8}.Release|Any CPU.ActiveCfg = Release|Any CPU
		{95375FEE-86E2-42CB-AC69-9C43DBA584D8}.Release|Any CPU.Build.0 = Release|Any CPU
		{E4E3DF82-B88C-4433-B2AE-D5B0A5019E35}.Debug|Any CPU.ActiveCfg = Debug|Any CPU
		{E4E3DF82-B88C-4433-B2AE-D5B0A5019E35}.Debug|Any CPU.Build.0 = Debug|Any CPU
		{E4E3DF82-B88C-4433-B2AE-D5B0A5019E35}.Release|Any CPU.ActiveCfg = Release|Any CPU
		{E4E3DF82-B88C-4433-B2AE-D5B0A5019E35}.Release|Any CPU.Build.0 = Release|Any CPU
		{F1FBDBB6-FEBA-421B-A647-484ED380E500}.Debug|Any CPU.ActiveCfg = Debug|Any CPU
		{F1FBDBB6-FEBA-421B-A647-484ED380E500}.Debug|Any CPU.Build.0 = Debug|Any CPU
		{F1FBDBB6-FEBA-421B-A647-484ED380E500}.Release|Any CPU.ActiveCfg = Release|Any CPU
		{F1FBDBB6-FEBA-421B-A647-484ED380E500}.Release|Any CPU.Build.0 = Release|Any CPU
		{AC8CE50F-EC72-4000-937D-DC2D1B03F197}.Debug|Any CPU.ActiveCfg = Debug|Any CPU
		{AC8CE50F-EC72-4000-937D-DC2D1B03F197}.Debug|Any CPU.Build.0 = Debug|Any CPU
		{AC8CE50F-EC72-4000-937D-DC2D1B03F197}.Release|Any CPU.ActiveCfg = Release|Any CPU
		{AC8CE50F-EC72-4000-937D-DC2D1B03F197}.Release|Any CPU.Build.0 = Release|Any CPU
		{B653836A-0542-4E76-B221-907CA48FE421}.Debug|Any CPU.ActiveCfg = Debug|Any CPU
		{B653836A-0542-4E76-B221-907CA48FE421}.Debug|Any CPU.Build.0 = Debug|Any CPU
		{B653836A-0542-4E76-B221-907CA48FE421}.Release|Any CPU.ActiveCfg = Release|Any CPU
		{B653836A-0542-4E76-B221-907CA48FE421}.Release|Any CPU.Build.0 = Release|Any CPU
		{AB747516-4DA5-47AE-B42E-6C1EE6DBDA65}.Debug|Any CPU.ActiveCfg = Debug|Any CPU
		{AB747516-4DA5-47AE-B42E-6C1EE6DBDA65}.Debug|Any CPU.Build.0 = Debug|Any CPU
		{AB747516-4DA5-47AE-B42E-6C1EE6DBDA65}.Release|Any CPU.ActiveCfg = Release|Any CPU
		{AB747516-4DA5-47AE-B42E-6C1EE6DBDA65}.Release|Any CPU.Build.0 = Release|Any CPU
	EndGlobalSection
	GlobalSection(SolutionProperties) = preSolution
		HideSolutionNode = FALSE
	EndGlobalSection
	GlobalSection(ExtensibilityGlobals) = postSolution
		SolutionGuid = {5D061B73-B706-409A-B67F-A1339515AB39}
	EndGlobalSection
EndGlobal
