
Microsoft Visual Studio Solution File, Format Version 12.00
# Visual Studio Version 16
VisualStudioVersion = 16.0.31702.278
MinimumVisualStudioVersion = 10.0.40219.1
Project("{FAE04EC0-301F-11D3-BF4B-00C04F79EFBC}") = "UserMaintance", "UserMaintance.csproj", "{29B01651-D726-4479-B0BF-53B9C79587BE}"
EndProject
Project("{FAE04EC0-301F-11D3-BF4B-00C04F79EFBC}") = "Week04", "..\Week04\Week04.csproj", "{ECAA4EE7-9A90-47C7-A0E4-DCAE60A6DFBA}"
EndProject
Project("{FAE04EC0-301F-11D3-BF4B-00C04F79EFBC}") = "Week05", "..\weks05\Week05.csproj", "{204A2678-94F9-42AD-90B1-EC0AA43A1792}"
EndProject
Global
	GlobalSection(SolutionConfigurationPlatforms) = preSolution
		Debug|Any CPU = Debug|Any CPU
		Release|Any CPU = Release|Any CPU
	EndGlobalSection
	GlobalSection(ProjectConfigurationPlatforms) = postSolution
		{29B01651-D726-4479-B0BF-53B9C79587BE}.Debug|Any CPU.ActiveCfg = Debug|Any CPU
		{29B01651-D726-4479-B0BF-53B9C79587BE}.Debug|Any CPU.Build.0 = Debug|Any CPU
		{29B01651-D726-4479-B0BF-53B9C79587BE}.Release|Any CPU.ActiveCfg = Release|Any CPU
		{29B01651-D726-4479-B0BF-53B9C79587BE}.Release|Any CPU.Build.0 = Release|Any CPU
		{ECAA4EE7-9A90-47C7-A0E4-DCAE60A6DFBA}.Debug|Any CPU.ActiveCfg = Debug|Any CPU
		{ECAA4EE7-9A90-47C7-A0E4-DCAE60A6DFBA}.Debug|Any CPU.Build.0 = Debug|Any CPU
		{ECAA4EE7-9A90-47C7-A0E4-DCAE60A6DFBA}.Release|Any CPU.ActiveCfg = Release|Any CPU
		{ECAA4EE7-9A90-47C7-A0E4-DCAE60A6DFBA}.Release|Any CPU.Build.0 = Release|Any CPU
		{204A2678-94F9-42AD-90B1-EC0AA43A1792}.Debug|Any CPU.ActiveCfg = Debug|Any CPU
		{204A2678-94F9-42AD-90B1-EC0AA43A1792}.Debug|Any CPU.Build.0 = Debug|Any CPU
		{204A2678-94F9-42AD-90B1-EC0AA43A1792}.Release|Any CPU.ActiveCfg = Release|Any CPU
		{204A2678-94F9-42AD-90B1-EC0AA43A1792}.Release|Any CPU.Build.0 = Release|Any CPU
	EndGlobalSection
	GlobalSection(SolutionProperties) = preSolution
		HideSolutionNode = FALSE
	EndGlobalSection
	GlobalSection(ExtensibilityGlobals) = postSolution
		SolutionGuid = {5D061B73-B706-409A-B67F-A1339515AB39}
	EndGlobalSection
EndGlobal
